
Microsoft Visual Studio Solution File, Format Version 12.00
# Visual Studio 15
VisualStudioVersion = 15.0.28010.0
MinimumVisualStudioVersion = 10.0.40219.1
Project("{FAE04EC0-301F-11D3-BF4B-00C04F79EFBC}") = "HousePrices.Web", "HousePrices.Web\HousePrices.Web.csproj", "{AF17A41D-07C8-41D9-8B3C-BD4DD5AB63DE}"
EndProject
Global
	GlobalSection(SolutionConfigurationPlatforms) = preSolution
		Debug|Any CPU = Debug|Any CPU
		Release|Any CPU = Release|Any CPU
	EndGlobalSection
	GlobalSection(ProjectConfigurationPlatforms) = postSolution
		{AF17A41D-07C8-41D9-8B3C-BD4DD5AB63DE}.Debug|Any CPU.ActiveCfg = Debug|Any CPU
		{AF17A41D-07C8-41D9-8B3C-BD4DD5AB63DE}.Debug|Any CPU.Build.0 = Debug|Any CPU
		{AF17A41D-07C8-41D9-8B3C-BD4DD5AB63DE}.Release|Any CPU.ActiveCfg = Release|Any CPU
		{AF17A41D-07C8-41D9-8B3C-BD4DD5AB63DE}.Release|Any CPU.Build.0 = Release|Any CPU
	EndGlobalSection
	GlobalSection(SolutionProperties) = preSolution
		HideSolutionNode = FALSE
	EndGlobalSection
	GlobalSection(ExtensibilityGlobals) = postSolution
		SolutionGuid = {3B14894D-24DD-4D98-826F-40892F2105EA}
	EndGlobalSection
EndGlobal
